
Microsoft Visual Studio Solution File, Format Version 12.00
# Visual Studio Version 17
VisualStudioVersion = 17.5.002.0
MinimumVisualStudioVersion = 10.0.40219.1
Project("{9A19103F-16F7-4668-BE54-9A1E7A4F7556}") = "libs", "libs\libs.csproj", "{0E27CC87-89AA-49ED-BDA2-0E9A0F76654E}"
EndProject
Project("{9A19103F-16F7-4668-BE54-9A1E7A4F7556}") = "lw0", "lw1\lw0.csproj", "{331702E4-3928-4388-97C8-BE2526F551B1}"
EndProject
Project("{9A19103F-16F7-4668-BE54-9A1E7A4F7556}") = "lw1(task2)", "lw1(task2)\lw1(task2).csproj", "{8ABBFCD2-5491-4CFE-A496-B5273A72144E}"
EndProject
Project("{9A19103F-16F7-4668-BE54-9A1E7A4F7556}") = "lw2(task1)", "lw2(task1)\lw2(task1).csproj", "{85D1AF73-CA6C-45A8-9D4C-B46A45CEEA08}"
EndProject
Project("{9A19103F-16F7-4668-BE54-9A1E7A4F7556}") = "lw2(task2)", "lw2(task2)\lw2(task2).csproj", "{63FBCFA6-A7CB-46EE-AD13-F15B2618EB47}"
EndProject
Project("{9A19103F-16F7-4668-BE54-9A1E7A4F7556}") = "lw3(task1)", "lw3(task1)\lw3(task1).csproj", "{B77915DC-7AFF-4D9E-B6A3-A6F764ECEE22}"
EndProject
Project("{9A19103F-16F7-4668-BE54-9A1E7A4F7556}") = "lw3(task2)", "lw3(task2)\lw3(task2).csproj", "{555CF84B-9780-4D9E-8B43-89D2C80DAF33}"
EndProject
Project("{9A19103F-16F7-4668-BE54-9A1E7A4F7556}") = "lw4", "lw4\lw4.csproj", "{BF56DCC3-9E64-4608-BB7D-F4E8D2F055A2}"
EndProject
Project("{9A19103F-16F7-4668-BE54-9A1E7A4F7556}") = "needtomerge", "needtomerge\needtomerge.csproj", "{FB36E4D6-CF40-4DAB-B725-2CD97876B2AE}"
EndProject
Project("{9A19103F-16F7-4668-BE54-9A1E7A4F7556}") = "probacsharp", "probacsharp\probacsharp.csproj", "{83FE5797-A62F-4EE2-AB29-99EBE0E36FAC}"
EndProject
Global
	GlobalSection(SolutionConfigurationPlatforms) = preSolution
		Debug|Any CPU = Debug|Any CPU
		Release|Any CPU = Release|Any CPU
	EndGlobalSection
	GlobalSection(ProjectConfigurationPlatforms) = postSolution
		{0E27CC87-89AA-49ED-BDA2-0E9A0F76654E}.Debug|Any CPU.ActiveCfg = Debug|Any CPU
		{0E27CC87-89AA-49ED-BDA2-0E9A0F76654E}.Debug|Any CPU.Build.0 = Debug|Any CPU
		{0E27CC87-89AA-49ED-BDA2-0E9A0F76654E}.Release|Any CPU.ActiveCfg = Release|Any CPU
		{0E27CC87-89AA-49ED-BDA2-0E9A0F76654E}.Release|Any CPU.Build.0 = Release|Any CPU
		{331702E4-3928-4388-97C8-BE2526F551B1}.Debug|Any CPU.ActiveCfg = Debug|Any CPU
		{331702E4-3928-4388-97C8-BE2526F551B1}.Debug|Any CPU.Build.0 = Debug|Any CPU
		{331702E4-3928-4388-97C8-BE2526F551B1}.Release|Any CPU.ActiveCfg = Release|Any CPU
		{331702E4-3928-4388-97C8-BE2526F551B1}.Release|Any CPU.Build.0 = Release|Any CPU
		{8ABBFCD2-5491-4CFE-A496-B5273A72144E}.Debug|Any CPU.ActiveCfg = Debug|Any CPU
		{8ABBFCD2-5491-4CFE-A496-B5273A72144E}.Debug|Any CPU.Build.0 = Debug|Any CPU
		{8ABBFCD2-5491-4CFE-A496-B5273A72144E}.Release|Any CPU.ActiveCfg = Release|Any CPU
		{8ABBFCD2-5491-4CFE-A496-B5273A72144E}.Release|Any CPU.Build.0 = Release|Any CPU
		{85D1AF73-CA6C-45A8-9D4C-B46A45CEEA08}.Debug|Any CPU.ActiveCfg = Debug|Any CPU
		{85D1AF73-CA6C-45A8-9D4C-B46A45CEEA08}.Debug|Any CPU.Build.0 = Debug|Any CPU
		{85D1AF73-CA6C-45A8-9D4C-B46A45CEEA08}.Release|Any CPU.ActiveCfg = Release|Any CPU
		{85D1AF73-CA6C-45A8-9D4C-B46A45CEEA08}.Release|Any CPU.Build.0 = Release|Any CPU
		{63FBCFA6-A7CB-46EE-AD13-F15B2618EB47}.Debug|Any CPU.ActiveCfg = Debug|Any CPU
		{63FBCFA6-A7CB-46EE-AD13-F15B2618EB47}.Debug|Any CPU.Build.0 = Debug|Any CPU
		{63FBCFA6-A7CB-46EE-AD13-F15B2618EB47}.Release|Any CPU.ActiveCfg = Release|Any CPU
		{63FBCFA6-A7CB-46EE-AD13-F15B2618EB47}.Release|Any CPU.Build.0 = Release|Any CPU
		{B77915DC-7AFF-4D9E-B6A3-A6F764ECEE22}.Debug|Any CPU.ActiveCfg = Debug|Any CPU
		{B77915DC-7AFF-4D9E-B6A3-A6F764ECEE22}.Debug|Any CPU.Build.0 = Debug|Any CPU
		{B77915DC-7AFF-4D9E-B6A3-A6F764ECEE22}.Release|Any CPU.ActiveCfg = Release|Any CPU
		{B77915DC-7AFF-4D9E-B6A3-A6F764ECEE22}.Release|Any CPU.Build.0 = Release|Any CPU
		{555CF84B-9780-4D9E-8B43-89D2C80DAF33}.Debug|Any CPU.ActiveCfg = Debug|Any CPU
		{555CF84B-9780-4D9E-8B43-89D2C80DAF33}.Debug|Any CPU.Build.0 = Debug|Any CPU
		{555CF84B-9780-4D9E-8B43-89D2C80DAF33}.Release|Any CPU.ActiveCfg = Release|Any CPU
		{555CF84B-9780-4D9E-8B43-89D2C80DAF33}.Release|Any CPU.Build.0 = Release|Any CPU
		{BF56DCC3-9E64-4608-BB7D-F4E8D2F055A2}.Debug|Any CPU.ActiveCfg = Debug|Any CPU
		{BF56DCC3-9E64-4608-BB7D-F4E8D2F055A2}.Debug|Any CPU.Build.0 = Debug|Any CPU
		{BF56DCC3-9E64-4608-BB7D-F4E8D2F055A2}.Release|Any CPU.ActiveCfg = Release|Any CPU
		{BF56DCC3-9E64-4608-BB7D-F4E8D2F055A2}.Release|Any CPU.Build.0 = Release|Any CPU
		{FB36E4D6-CF40-4DAB-B725-2CD97876B2AE}.Debug|Any CPU.ActiveCfg = Debug|Any CPU
		{FB36E4D6-CF40-4DAB-B725-2CD97876B2AE}.Debug|Any CPU.Build.0 = Debug|Any CPU
		{FB36E4D6-CF40-4DAB-B725-2CD97876B2AE}.Release|Any CPU.ActiveCfg = Release|Any CPU
		{FB36E4D6-CF40-4DAB-B725-2CD97876B2AE}.Release|Any CPU.Build.0 = Release|Any CPU
		{83FE5797-A62F-4EE2-AB29-99EBE0E36FAC}.Debug|Any CPU.ActiveCfg = Debug|Any CPU
		{83FE5797-A62F-4EE2-AB29-99EBE0E36FAC}.Debug|Any CPU.Build.0 = Debug|Any CPU
		{83FE5797-A62F-4EE2-AB29-99EBE0E36FAC}.Release|Any CPU.ActiveCfg = Release|Any CPU
		{83FE5797-A62F-4EE2-AB29-99EBE0E36FAC}.Release|Any CPU.Build.0 = Release|Any CPU
	EndGlobalSection
	GlobalSection(SolutionProperties) = preSolution
		HideSolutionNode = FALSE
	EndGlobalSection
	GlobalSection(ExtensibilityGlobals) = postSolution
		SolutionGuid = {63CBA9A0-7844-45E1-B25B-24ADDEED4056}
	EndGlobalSection
EndGlobal
